
Microsoft Visual Studio Solution File, Format Version 12.00
# Visual Studio Version 17
VisualStudioVersion = 17.6.33723.286
MinimumVisualStudioVersion = 10.0.40219.1
Project("{FAE04EC0-301F-11D3-BF4B-00C04F79EFBC}") = "ProjetoWeb", "ProjetoWeb\ProjetoWeb.csproj", "{D09AB865-FF35-4688-8D78-37F9D1431C0F}"
EndProject
Global
	GlobalSection(SolutionConfigurationPlatforms) = preSolution
		Debug|Any CPU = Debug|Any CPU
		Release|Any CPU = Release|Any CPU
	EndGlobalSection
	GlobalSection(ProjectConfigurationPlatforms) = postSolution
		{D09AB865-FF35-4688-8D78-37F9D1431C0F}.Debug|Any CPU.ActiveCfg = Debug|Any CPU
		{D09AB865-FF35-4688-8D78-37F9D1431C0F}.Debug|Any CPU.Build.0 = Debug|Any CPU
		{D09AB865-FF35-4688-8D78-37F9D1431C0F}.Release|Any CPU.ActiveCfg = Release|Any CPU
		{D09AB865-FF35-4688-8D78-37F9D1431C0F}.Release|Any CPU.Build.0 = Release|Any CPU
	EndGlobalSection
	GlobalSection(SolutionProperties) = preSolution
		HideSolutionNode = FALSE
	EndGlobalSection
	GlobalSection(ExtensibilityGlobals) = postSolution
		SolutionGuid = {C6AC2954-C38A-4BD5-BA30-140A26D3D412}
	EndGlobalSection
EndGlobal
